Microsoft Visual Studio Solution File, Format Version 11.00
# Visual Studio 2010
Project("{8BC9CEB8-8B4A-11D0-8D11-00A0C91BC942}") = "ALL_BUILD", "ALL_BUILD.vcxproj", "{35DD8844-BBC9-4336-83B2-8CE84CD78C08}"
	ProjectSection(ProjectDependencies) = postProject
		{CA3FA2AB-B52A-4EBC-9EA4-0A4D5D6D173C} = {CA3FA2AB-B52A-4EBC-9EA4-0A4D5D6D173C}
		{9ECA159F-1074-48B4-99A0-CFCF4F86B391} = {9ECA159F-1074-48B4-99A0-CFCF4F86B391}
		{572E5BBA-D342-48B8-A31B-3BC05BDA7474} = {572E5BBA-D342-48B8-A31B-3BC05BDA7474}
	EndProjectSection
EndProject
Project("{8BC9CEB8-8B4A-11D0-8D11-00A0C91BC942}") = "DNRemoteServer", "bin\DNRemoteServer.vcxproj", "{CA3FA2AB-B52A-4EBC-9EA4-0A4D5D6D173C}"
	ProjectSection(ProjectDependencies) = postProject
		{9ECA159F-1074-48B4-99A0-CFCF4F86B391} = {9ECA159F-1074-48B4-99A0-CFCF4F86B391}
		{572E5BBA-D342-48B8-A31B-3BC05BDA7474} = {572E5BBA-D342-48B8-A31B-3BC05BDA7474}
	EndProjectSection
EndProject
Project("{8BC9CEB8-8B4A-11D0-8D11-00A0C91BC942}") = "V2StyxServerLibrary", "bin\V2StyxServerLibrary.vcxproj", "{9ECA159F-1074-48B4-99A0-CFCF4F86B391}"
	ProjectSection(ProjectDependencies) = postProject
		{572E5BBA-D342-48B8-A31B-3BC05BDA7474} = {572E5BBA-D342-48B8-A31B-3BC05BDA7474}
	EndProjectSection
EndProject
Project("{8BC9CEB8-8B4A-11D0-8D11-00A0C91BC942}") = "ZERO_CHECK", "ZERO_CHECK.vcxproj", "{572E5BBA-D342-48B8-A31B-3BC05BDA7474}"
	ProjectSection(ProjectDependencies) = postProject
	EndProjectSection
EndProject
Global
	GlobalSection(SolutionConfigurationPlatforms) = preSolution
		Debug|Win32 = Debug|Win32
		Release|Win32 = Release|Win32
		MinSizeRel|Win32 = MinSizeRel|Win32
		RelWithDebInfo|Win32 = RelWithDebInfo|Win32
	EndGlobalSection
	GlobalSection(ProjectConfigurationPlatforms) = postSolution
		{35DD8844-BBC9-4336-83B2-8CE84CD78C08}.Debug|Win32.ActiveCfg = Debug|Win32
		{35DD8844-BBC9-4336-83B2-8CE84CD78C08}.Release|Win32.ActiveCfg = Release|Win32
		{35DD8844-BBC9-4336-83B2-8CE84CD78C08}.MinSizeRel|Win32.ActiveCfg = MinSizeRel|Win32
		{35DD8844-BBC9-4336-83B2-8CE84CD78C08}.RelWithDebInfo|Win32.ActiveCfg = RelWithDebInfo|Win32
		{CA3FA2AB-B52A-4EBC-9EA4-0A4D5D6D173C}.Debug|Win32.ActiveCfg = Debug|Win32
		{CA3FA2AB-B52A-4EBC-9EA4-0A4D5D6D173C}.Debug|Win32.Build.0 = Debug|Win32
		{CA3FA2AB-B52A-4EBC-9EA4-0A4D5D6D173C}.Release|Win32.ActiveCfg = Release|Win32
		{CA3FA2AB-B52A-4EBC-9EA4-0A4D5D6D173C}.Release|Win32.Build.0 = Release|Win32
		{CA3FA2AB-B52A-4EBC-9EA4-0A4D5D6D173C}.MinSizeRel|Win32.ActiveCfg = MinSizeRel|Win32
		{CA3FA2AB-B52A-4EBC-9EA4-0A4D5D6D173C}.MinSizeRel|Win32.Build.0 = MinSizeRel|Win32
		{CA3FA2AB-B52A-4EBC-9EA4-0A4D5D6D173C}.RelWithDebInfo|Win32.ActiveCfg = RelWithDebInfo|Win32
		{CA3FA2AB-B52A-4EBC-9EA4-0A4D5D6D173C}.RelWithDebInfo|Win32.Build.0 = RelWithDebInfo|Win32
		{9ECA159F-1074-48B4-99A0-CFCF4F86B391}.Debug|Win32.ActiveCfg = Debug|Win32
		{9ECA159F-1074-48B4-99A0-CFCF4F86B391}.Debug|Win32.Build.0 = Debug|Win32
		{9ECA159F-1074-48B4-99A0-CFCF4F86B391}.Release|Win32.ActiveCfg = Release|Win32
		{9ECA159F-1074-48B4-99A0-CFCF4F86B391}.Release|Win32.Build.0 = Release|Win32
		{9ECA159F-1074-48B4-99A0-CFCF4F86B391}.MinSizeRel|Win32.ActiveCfg = MinSizeRel|Win32
		{9ECA159F-1074-48B4-99A0-CFCF4F86B391}.MinSizeRel|Win32.Build.0 = MinSizeRel|Win32
		{9ECA159F-1074-48B4-99A0-CFCF4F86B391}.RelWithDebInfo|Win32.ActiveCfg = RelWithDebInfo|Win32
		{9ECA159F-1074-48B4-99A0-CFCF4F86B391}.RelWithDebInfo|Win32.Build.0 = RelWithDebInfo|Win32
		{572E5BBA-D342-48B8-A31B-3BC05BDA7474}.Debug|Win32.ActiveCfg = Debug|Win32
		{572E5BBA-D342-48B8-A31B-3BC05BDA7474}.Debug|Win32.Build.0 = Debug|Win32
		{572E5BBA-D342-48B8-A31B-3BC05BDA7474}.Release|Win32.ActiveCfg = Release|Win32
		{572E5BBA-D342-48B8-A31B-3BC05BDA7474}.Release|Win32.Build.0 = Release|Win32
		{572E5BBA-D342-48B8-A31B-3BC05BDA7474}.MinSizeRel|Win32.ActiveCfg = MinSizeRel|Win32
		{572E5BBA-D342-48B8-A31B-3BC05BDA7474}.MinSizeRel|Win32.Build.0 = MinSizeRel|Win32
		{572E5BBA-D342-48B8-A31B-3BC05BDA7474}.RelWithDebInfo|Win32.ActiveCfg = RelWithDebInfo|Win32
		{572E5BBA-D342-48B8-A31B-3BC05BDA7474}.RelWithDebInfo|Win32.Build.0 = RelWithDebInfo|Win32
	EndGlobalSection
	GlobalSection(ExtensibilityGlobals) = postSolution
	EndGlobalSection
	GlobalSection(ExtensibilityAddIns) = postSolution
	EndGlobalSection
EndGlobal
